// !$*UTF8*$!
{
	archiveVersion = 1;
	classes = {
	};
	objectVersion = 46;
	objects = {

/* Begin PBXBuildFile section */
		711B56461E1201280032CCB2 /* XNSimpleTool.m in Sources */ = {isa = PBXBuildFile; fileRef = 711B56451E1201280032CCB2 /* XNSimpleTool.m */; };
		711B56491E1201BF0032CCB2 /* SSKeychain.m in Sources */ = {isa = PBXBuildFile; fileRef = 711B56481E1201BF0032CCB2 /* SSKeychain.m */; };
		7121E8C51E67F34A00EF8D4B /* UIView+EasyShow.m in Sources */ = {isa = PBXBuildFile; fileRef = 7121E8C41E67F34A00EF8D4B /* UIView+EasyShow.m */; };
		7121E8E41E681BF500EF8D4B /* AppDelegate+Reachability.m in Sources */ = {isa = PBXBuildFile; fileRef = 7121E8E11E681BF500EF8D4B /* AppDelegate+Reachability.m */; };
		7121E8E51E681BF500EF8D4B /* UITableView+EmptyData.m in Sources */ = {isa = PBXBuildFile; fileRef = 7121E8E31E681BF500EF8D4B /* UITableView+EmptyData.m */; };
		7121E8E81E681C1700EF8D4B /* Reachability.m in Sources */ = {isa = PBXBuildFile; fileRef = 7121E8E71E681C1700EF8D4B /* Reachability.m */; };
		7128DCEA1E0B654800656DC0 /* main.m in Sources */ = {isa = PBXBuildFile; fileRef = 7128DCE91E0B654800656DC0 /* main.m */; };
		7128DCED1E0B654800656DC0 /* AppDelegate.m in Sources */ = {isa = PBXBuildFile; fileRef = 7128DCEC1E0B654800656DC0 /* AppDelegate.m */; };
		7128DCF01E0B654800656DC0 /* ViewController.m in Sources */ = {isa = PBXBuildFile; fileRef = 7128DCEF1E0B654800656DC0 /* ViewController.m */; };
		7128DCF31E0B654800656DC0 /* Main.storyboard in Resources */ = {isa = PBXBuildFile; fileRef = 7128DCF11E0B654800656DC0 /* Main.storyboard */; };
		7128DCF51E0B654800656DC0 /* Assets.xcassets in Resources */ = {isa = PBXBuildFile; fileRef = 7128DCF41E0B654800656DC0 /* Assets.xcassets */; };
		7128DCF81E0B654800656DC0 /* LaunchScreen.storyboard in Resources */ = {isa = PBXBuildFile; fileRef = 7128DCF61E0B654800656DC0 /* LaunchScreen.storyboard */; };
		716D7C151E15F43700BE4486 /* XNGCDHelper.m in Sources */ = {isa = PBXBuildFile; fileRef = 716D7C141E15F43700BE4486 /* XNGCDHelper.m */; };
		71DDAA7F1E76990600A37F09 /* UIView+XNGetController.m in Sources */ = {isa = PBXBuildFile; fileRef = 71DDAA7E1E76990600A37F09 /* UIView+XNGetController.m */; };
		71F4C50A1E11110800472635 /* libsqlite3.0.tbd in Frameworks */ = {isa = PBXBuildFile; fileRef = 71F4C5091E11110800472635 /* libsqlite3.0.tbd */; };
		71F4C5211E11152500472635 /* Foundation+Log.m in Sources */ = {isa = PBXBuildFile; fileRef = 71F4C50D1E11152500472635 /* Foundation+Log.m */; };
		71F4C5221E11152500472635 /* NSDate+Ext.m in Sources */ = {isa = PBXBuildFile; fileRef = 71F4C50F1E11152500472635 /* NSDate+Ext.m */; };
		71F4C5231E11152500472635 /* NSObject+Notification.m in Sources */ = {isa = PBXBuildFile; fileRef = 71F4C5111E11152500472635 /* NSObject+Notification.m */; };
		71F4C5241E11152500472635 /* NSString+Ext.m in Sources */ = {isa = PBXBuildFile; fileRef = 71F4C5131E11152500472635 /* NSString+Ext.m */; };
		71F4C5251E11152500472635 /* UIImage+Reflection.m in Sources */ = {isa = PBXBuildFile; fileRef = 71F4C5151E11152500472635 /* UIImage+Reflection.m */; };
		71F4C5261E11152500472635 /* UITextField+Ext.m in Sources */ = {isa = PBXBuildFile; fileRef = 71F4C5171E11152500472635 /* UITextField+Ext.m */; };
		71F4C5271E11152500472635 /* CocoaCracker.m in Sources */ = {isa = PBXBuildFile; fileRef = 71F4C51B1E11152500472635 /* CocoaCracker.m */; };
		71F4C5281E11152500472635 /* RWDatabase.m in Sources */ = {isa = PBXBuildFile; fileRef = 71F4C51E1E11152500472635 /* RWDatabase.m */; };
		71F4C5291E11152500472635 /* RWDatabaseManager.m in Sources */ = {isa = PBXBuildFile; fileRef = 71F4C5201E11152500472635 /* RWDatabaseManager.m */; };
/* End PBXBuildFile section */

/* Begin PBXFileReference section */
		711B56441E1201280032CCB2 /* XNSimpleTool.h */ = {isa = PBXFileReference; fileEncoding = 4; lastKnownFileType = sourcecode.c.h; path = XNSimpleTool.h; sourceTree = "<group>"; };
		711B56451E1201280032CCB2 /* XNSimpleTool.m */ = {isa = PBXFileReference; fileEncoding = 4; lastKnownFileType = sourcecode.c.objc; path = XNSimpleTool.m; sourceTree = "<group>"; };
		711B56471E1201BF0032CCB2 /* SSKeychain.h */ = {isa = PBXFileReference; fileEncoding = 4; lastKnownFileType = sourcecode.c.h; path = SSKeychain.h; sourceTree = "<group>"; };
		711B56481E1201BF0032CCB2 /* SSKeychain.m */ = {isa = PBXFileReference; fileEncoding = 4; lastKnownFileType = sourcecode.c.objc; path = SSKeychain.m; sourceTree = "<group>"; };
		7121E8C31E67F34A00EF8D4B /* UIView+EasyShow.h */ = {isa = PBXFileReference; fileEncoding = 4; lastKnownFileType = sourcecode.c.h; path = "UIView+EasyShow.h"; sourceTree = "<group>"; };
		7121E8C41E67F34A00EF8D4B /* UIView+EasyShow.m */ = {isa = PBXFileReference; fileEncoding = 4; lastKnownFileType = sourcecode.c.objc; path = "UIView+EasyShow.m"; sourceTree = "<group>"; };
		7121E8E01E681BF500EF8D4B /* AppDelegate+Reachability.h */ = {isa = PBXFileReference; fileEncoding = 4; lastKnownFileType = sourcecode.c.h; path = "AppDelegate+Reachability.h"; sourceTree = "<group>"; };
		7121E8E11E681BF500EF8D4B /* AppDelegate+Reachability.m */ = {isa = PBXFileReference; fileEncoding = 4; lastKnownFileType = sourcecode.c.objc; path = "AppDelegate+Reachability.m"; sourceTree = "<group>"; };
		7121E8E21E681BF500EF8D4B /* UITableView+EmptyData.h */ = {isa = PBXFileReference; fileEncoding = 4; lastKnownFileType = sourcecode.c.h; path = "UITableView+EmptyData.h"; sourceTree = "<group>"; };
		7121E8E31E681BF500EF8D4B /* UITableView+EmptyData.m */ = {isa = PBXFileReference; fileEncoding = 4; lastKnownFileType = sourcecode.c.objc; path = "UITableView+EmptyData.m"; sourceTree = "<group>"; };
		7121E8E61E681C1700EF8D4B /* Reachability.h */ = {isa = PBXFileReference; fileEncoding = 4; lastKnownFileType = sourcecode.c.h; path = Reachability.h; sourceTree = "<group>"; };
		7121E8E71E681C1700EF8D4B /* Reachability.m */ = {isa = PBXFileReference; fileEncoding = 4; lastKnownFileType = sourcecode.c.objc; path = Reachability.m; sourceTree = "<group>"; };
		7128DCE51E0B654800656DC0 /* XNToolDemo.app */ = {isa = PBXFileReference; explicitFileType = wrapper.application; includeInIndex = 0; path = XNToolDemo.app; sourceTree = BUILT_PRODUCTS_DIR; };
		7128DCE91E0B654800656DC0 /* main.m */ = {isa = PBXFileReference; lastKnownFileType = sourcecode.c.objc; path = main.m; sourceTree = "<group>"; };
		7128DCEB1E0B654800656DC0 /* AppDelegate.h */ = {isa = PBXFileReference; lastKnownFileType = sourcecode.c.h; path = AppDelegate.h; sourceTree = "<group>"; };
		7128DCEC1E0B654800656DC0 /* AppDelegate.m */ = {isa = PBXFileReference; lastKnownFileType = sourcecode.c.objc; path = AppDelegate.m; sourceTree = "<group>"; };
		7128DCEE1E0B654800656DC0 /* ViewController.h */ = {isa = PBXFileReference; lastKnownFileType = sourcecode.c.h; path = ViewController.h; sourceTree = "<group>"; };
		7128DCEF1E0B654800656DC0 /* ViewController.m */ = {isa = PBXFileReference; lastKnownFileType = sourcecode.c.objc; path = ViewController.m; sourceTree = "<group>"; };
		7128DCF21E0B654800656DC0 /* Base */ = {isa = PBXFileReference; lastKnownFileType = file.storyboard; name = Base; path = Base.lproj/Main.storyboard; sourceTree = "<group>"; };
		7128DCF41E0B654800656DC0 /* Assets.xcassets */ = {isa = PBXFileReference; lastKnownFileType = folder.assetcatalog; path = Assets.xcassets; sourceTree = "<group>"; };
		7128DCF71E0B654800656DC0 /* Base */ = {isa = PBXFileReference; lastKnownFileType = file.storyboard; name = Base; path = Base.lproj/LaunchScreen.storyboard; sourceTree = "<group>"; };
		7128DCF91E0B654800656DC0 /* Info.plist */ = {isa = PBXFileReference; lastKnownFileType = text.plist.xml; path = Info.plist; sourceTree = "<group>"; };
		716D7C131E15F43700BE4486 /* XNGCDHelper.h */ = {isa = PBXFileReference; fileEncoding = 4; lastKnownFileType = sourcecode.c.h; path = XNGCDHelper.h; sourceTree = "<group>"; };
		716D7C141E15F43700BE4486 /* XNGCDHelper.m */ = {isa = PBXFileReference; fileEncoding = 4; lastKnownFileType = sourcecode.c.objc; path = XNGCDHelper.m; sourceTree = "<group>"; };
		716D7C161E1606B400BE4486 /* XNGlobalConst.h */ = {isa = PBXFileReference; lastKnownFileType = sourcecode.c.h; path = XNGlobalConst.h; sourceTree = "<group>"; };
		71DDAA7D1E76990600A37F09 /* UIView+XNGetController.h */ = {isa = PBXFileReference; fileEncoding = 4; lastKnownFileType = sourcecode.c.h; path = "UIView+XNGetController.h"; sourceTree = "<group>"; };
		71DDAA7E1E76990600A37F09 /* UIView+XNGetController.m */ = {isa = PBXFileReference; fileEncoding = 4; lastKnownFileType = sourcecode.c.objc; path = "UIView+XNGetController.m"; sourceTree = "<group>"; };
		71F4C5091E11110800472635 /* libsqlite3.0.tbd */ = {isa = PBXFileReference; lastKnownFileType = "sourcecode.text-based-dylib-definition"; name = libsqlite3.0.tbd; path = usr/lib/libsqlite3.0.tbd; sourceTree = SDKROOT; };
		71F4C50D1E11152500472635 /* Foundation+Log.m */ = {isa = PBXFileReference; fileEncoding = 4; lastKnownFileType = sourcecode.c.objc; path = "Foundation+Log.m"; sourceTree = "<group>"; };
		71F4C50E1E11152500472635 /* NSDate+Ext.h */ = {isa = PBXFileReference; fileEncoding = 4; lastKnownFileType = sourcecode.c.h; path = "NSDate+Ext.h"; sourceTree = "<group>"; };
		71F4C50F1E11152500472635 /* NSDate+Ext.m */ = {isa = PBXFileReference; fileEncoding = 4; lastKnownFileType = sourcecode.c.objc; path = "NSDate+Ext.m"; sourceTree = "<group>"; };
		71F4C5101E11152500472635 /* NSObject+Notification.h */ = {isa = PBXFileReference; fileEncoding = 4; lastKnownFileType = sourcecode.c.h; path = "NSObject+Notification.h"; sourceTree = "<group>"; };
		71F4C5111E11152500472635 /* NSObject+Notification.m */ = {isa = PBXFileReference; fileEncoding = 4; lastKnownFileType = sourcecode.c.objc; path = "NSObject+Notification.m"; sourceTree = "<group>"; };
		71F4C5121E11152500472635 /* NSString+Ext.h */ = {isa = PBXFileReference; fileEncoding = 4; lastKnownFileType = sourcecode.c.h; path = "NSString+Ext.h"; sourceTree = "<group>"; };
		71F4C5131E11152500472635 /* NSString+Ext.m */ = {isa = PBXFileReference; fileEncoding = 4; lastKnownFileType = sourcecode.c.objc; path = "NSString+Ext.m"; sourceTree = "<group>"; };
		71F4C5141E11152500472635 /* UIImage+Reflection.h */ = {isa = PBXFileReference; fileEncoding = 4; lastKnownFileType = sourcecode.c.h; path = "UIImage+Reflection.h"; sourceTree = "<group>"; };
		71F4C5151E11152500472635 /* UIImage+Reflection.m */ = {isa = PBXFileReference; fileEncoding = 4; lastKnownFileType = sourcecode.c.objc; path = "UIImage+Reflection.m"; sourceTree = "<group>"; };
		71F4C5161E11152500472635 /* UITextField+Ext.h */ = {isa = PBXFileReference; fileEncoding = 4; lastKnownFileType = sourcecode.c.h; path = "UITextField+Ext.h"; sourceTree = "<group>"; };
		71F4C5171E11152500472635 /* UITextField+Ext.m */ = {isa = PBXFileReference; fileEncoding = 4; lastKnownFileType = sourcecode.c.objc; path = "UITextField+Ext.m"; sourceTree = "<group>"; };
		71F4C5181E11152500472635 /* XNConstDefine.h */ = {isa = PBXFileReference; fileEncoding = 4; lastKnownFileType = sourcecode.c.h; path = XNConstDefine.h; sourceTree = "<group>"; };
		71F4C51A1E11152500472635 /* CocoaCracker.h */ = {isa = PBXFileReference; fileEncoding = 4; lastKnownFileType = sourcecode.c.h; path = CocoaCracker.h; sourceTree = "<group>"; };
		71F4C51B1E11152500472635 /* CocoaCracker.m */ = {isa = PBXFileReference; fileEncoding = 4; lastKnownFileType = sourcecode.c.objc; path = CocoaCracker.m; sourceTree = "<group>"; };
		71F4C51D1E11152500472635 /* RWDatabase.h */ = {isa = PBXFileReference; fileEncoding = 4; lastKnownFileType = sourcecode.c.h; path = RWDatabase.h; sourceTree = "<group>"; };
		71F4C51E1E11152500472635 /* RWDatabase.m */ = {isa = PBXFileReference; fileEncoding = 4; lastKnownFileType = sourcecode.c.objc; path = RWDatabase.m; sourceTree = "<group>"; };
		71F4C51F1E11152500472635 /* RWDatabaseManager.h */ = {isa = PBXFileReference; fileEncoding = 4; lastKnownFileType = sourcecode.c.h; path = RWDatabaseManager.h; sourceTree = "<group>"; };
		71F4C5201E11152500472635 /* RWDatabaseManager.m */ = {isa = PBXFileReference; fileEncoding = 4; lastKnownFileType = sourcecode.c.objc; path = RWDatabaseManager.m; sourceTree = "<group>"; };
/* End PBXFileReference section */

/* Begin PBXFrameworksBuildPhase section */
		7128DCE21E0B654800656DC0 /* Frameworks */ = {
			isa = PBXFrameworksBuildPhase;
			buildActionMask = 2147483647;
			files = (
				71F4C50A1E11110800472635 /* libsqlite3.0.tbd in Frameworks */,
			);
			runOnlyForDeploymentPostprocessing = 0;
		};
/* End PBXFrameworksBuildPhase section */

/* Begin PBXGroup section */
		7128DCDC1E0B654700656DC0 = {
			isa = PBXGroup;
			children = (
				7128DCE71E0B654800656DC0 /* XNToolDemo */,
				7128DCE61E0B654800656DC0 /* Products */,
				71F4C5081E11110700472635 /* Frameworks */,
			);
			sourceTree = "<group>";
		};
		7128DCE61E0B654800656DC0 /* Products */ = {
			isa = PBXGroup;
			children = (
				7128DCE51E0B654800656DC0 /* XNToolDemo.app */,
			);
			name = Products;
			sourceTree = "<group>";
		};
		7128DCE71E0B654800656DC0 /* XNToolDemo */ = {
			isa = PBXGroup;
			children = (
				71F4C50B1E11152500472635 /* XNTool */,
				7128DCEB1E0B654800656DC0 /* AppDelegate.h */,
				7128DCEC1E0B654800656DC0 /* AppDelegate.m */,
				7128DCEE1E0B654800656DC0 /* ViewController.h */,
				7128DCEF1E0B654800656DC0 /* ViewController.m */,
				7128DCF11E0B654800656DC0 /* Main.storyboard */,
				7128DCF41E0B654800656DC0 /* Assets.xcassets */,
				7128DCF61E0B654800656DC0 /* LaunchScreen.storyboard */,
				7128DCF91E0B654800656DC0 /* Info.plist */,
				7128DCE81E0B654800656DC0 /* Supporting Files */,
			);
			path = XNToolDemo;
			sourceTree = "<group>";
		};
		7128DCE81E0B654800656DC0 /* Supporting Files */ = {
			isa = PBXGroup;
			children = (
				7128DCE91E0B654800656DC0 /* main.m */,
			);
			name = "Supporting Files";
			sourceTree = "<group>";
		};
		71F4C5081E11110700472635 /* Frameworks */ = {
			isa = PBXGroup;
			children = (
				71F4C5091E11110800472635 /* libsqlite3.0.tbd */,
			);
			name = Frameworks;
			sourceTree = "<group>";
		};
		71F4C50B1E11152500472635 /* XNTool */ = {
			isa = PBXGroup;
			children = (
				71F4C50C1E11152500472635 /* Category */,
				71F4C5191E11152500472635 /* DataHelper */,
			);
			path = XNTool;
			sourceTree = "<group>";
		};
		71F4C50C1E11152500472635 /* Category */ = {
			isa = PBXGroup;
			children = (
				71DDAA7D1E76990600A37F09 /* UIView+XNGetController.h */,
				71DDAA7E1E76990600A37F09 /* UIView+XNGetController.m */,
				7121E8E61E681C1700EF8D4B /* Reachability.h */,
				7121E8E71E681C1700EF8D4B /* Reachability.m */,
				7121E8E01E681BF500EF8D4B /* AppDelegate+Reachability.h */,
				7121E8E11E681BF500EF8D4B /* AppDelegate+Reachability.m */,
				7121E8E21E681BF500EF8D4B /* UITableView+EmptyData.h */,
				7121E8E31E681BF500EF8D4B /* UITableView+EmptyData.m */,
				711B56471E1201BF0032CCB2 /* SSKeychain.h */,
				711B56481E1201BF0032CCB2 /* SSKeychain.m */,
				71F4C50D1E11152500472635 /* Foundation+Log.m */,
				7121E8C31E67F34A00EF8D4B /* UIView+EasyShow.h */,
				7121E8C41E67F34A00EF8D4B /* UIView+EasyShow.m */,
				71F4C50E1E11152500472635 /* NSDate+Ext.h */,
				71F4C50F1E11152500472635 /* NSDate+Ext.m */,
				71F4C5101E11152500472635 /* NSObject+Notification.h */,
				71F4C5111E11152500472635 /* NSObject+Notification.m */,
				71F4C5121E11152500472635 /* NSString+Ext.h */,
				71F4C5131E11152500472635 /* NSString+Ext.m */,
				71F4C5141E11152500472635 /* UIImage+Reflection.h */,
				71F4C5151E11152500472635 /* UIImage+Reflection.m */,
				71F4C5161E11152500472635 /* UITextField+Ext.h */,
				71F4C5171E11152500472635 /* UITextField+Ext.m */,
				71F4C5181E11152500472635 /* XNConstDefine.h */,
				711B56441E1201280032CCB2 /* XNSimpleTool.h */,
				711B56451E1201280032CCB2 /* XNSimpleTool.m */,
				716D7C131E15F43700BE4486 /* XNGCDHelper.h */,
				716D7C141E15F43700BE4486 /* XNGCDHelper.m */,
				716D7C161E1606B400BE4486 /* XNGlobalConst.h */,
			);
			path = Category;
			sourceTree = "<group>";
		};
		71F4C5191E11152500472635 /* DataHelper */ = {
			isa = PBXGroup;
			children = (
				71F4C51A1E11152500472635 /* CocoaCracker.h */,
				71F4C51B1E11152500472635 /* CocoaCracker.m */,
				71F4C51C1E11152500472635 /* Database */,
			);
			path = DataHelper;
			sourceTree = "<group>";
		};
		71F4C51C1E11152500472635 /* Database */ = {
			isa = PBXGroup;
			children = (
				71F4C51D1E11152500472635 /* RWDatabase.h */,
				71F4C51E1E11152500472635 /* RWDatabase.m */,
				71F4C51F1E11152500472635 /* RWDatabaseManager.h */,
				71F4C5201E11152500472635 /* RWDatabaseManager.m */,
			);
			path = Database;
			sourceTree = "<group>";
		};
/* End PBXGroup section */

/* Begin PBXNativeTarget section */
		7128DCE41E0B654800656DC0 /* XNToolDemo */ = {
			isa = PBXNativeTarget;
			buildConfigurationList = 7128DCFC1E0B654800656DC0 /* Build configuration list for PBXNativeTarget "XNToolDemo" */;
			buildPhases = (
				7128DCE11E0B654800656DC0 /* Sources */,
				7128DCE21E0B654800656DC0 /* Frameworks */,
				7128DCE31E0B654800656DC0 /* Resources */,
			);
			buildRules = (
			);
			dependencies = (
			);
			name = XNToolDemo;
			productName = XNToolDemo;
			productReference = 7128DCE51E0B654800656DC0 /* XNToolDemo.app */;
			productType = "com.apple.product-type.application";
		};
/* End PBXNativeTarget section */

/* Begin PBXProject section */
		7128DCDD1E0B654700656DC0 /* Project object */ = {
			isa = PBXProject;
			attributes = {
				LastUpgradeCheck = 0820;
				ORGANIZATIONNAME = xunan;
				TargetAttributes = {
					7128DCE41E0B654800656DC0 = {
						CreatedOnToolsVersion = 8.1;
						DevelopmentTeam = Y2TKYWJ5ZW;
						ProvisioningStyle = Automatic;
					};
				};
			};
			buildConfigurationList = 7128DCE01E0B654700656DC0 /* Build configuration list for PBXProject "XNToolDemo" */;
			compatibilityVersion = "Xcode 3.2";
			developmentRegion = English;
			hasScannedForEncodings = 0;
			knownRegions = (
				en,
				Base,
			);
			mainGroup = 7128DCDC1E0B654700656DC0;
			productRefGroup = 7128DCE61E0B654800656DC0 /* Products */;
			projectDirPath = "";
			projectRoot = "";
			targets = (
				7128DCE41E0B654800656DC0 /* XNToolDemo */,
			);
		};
/* End PBXProject section */

/* Begin PBXResourcesBuildPhase section */
		7128DCE31E0B654800656DC0 /* Resources */ = {
			isa = PBXResourcesBuildPhase;
			buildActionMask = 2147483647;
			files = (
				7128DCF81E0B654800656DC0 /* LaunchScreen.storyboard in Resources */,
				7128DCF51E0B654800656DC0 /* Assets.xcassets in Resources */,
				7128DCF31E0B654800656DC0 /* Main.storyboard in Resources */,
			);
			runOnlyForDeploymentPostprocessing = 0;
		};
/* End PBXResourcesBuildPhase section */

/* Begin PBXSourcesBuildPhase section */
		7128DCE11E0B654800656DC0 /* Sources */ = {
			isa = PBXSourcesBuildPhase;
			buildActionMask = 2147483647;
			files = (
				71F4C5221E11152500472635 /* NSDate+Ext.m in Sources */,
				7128DCF01E0B654800656DC0 /* ViewController.m in Sources */,
				71F4C5241E11152500472635 /* NSString+Ext.m in Sources */,
				7121E8C51E67F34A00EF8D4B /* UIView+EasyShow.m in Sources */,
				71F4C5291E11152500472635 /* RWDatabaseManager.m in Sources */,
				7128DCED1E0B654800656DC0 /* AppDelegate.m in Sources */,
				71F4C5281E11152500472635 /* RWDatabase.m in Sources */,
				7128DCEA1E0B654800656DC0 /* main.m in Sources */,
				71F4C5271E11152500472635 /* CocoaCracker.m in Sources */,
				716D7C151E15F43700BE4486 /* XNGCDHelper.m in Sources */,
				7121E8E81E681C1700EF8D4B /* Reachability.m in Sources */,
				7121E8E41E681BF500EF8D4B /* AppDelegate+Reachability.m in Sources */,
				7121E8E51E681BF500EF8D4B /* UITableView+EmptyData.m in Sources */,
				711B56461E1201280032CCB2 /* XNSimpleTool.m in Sources */,
				711B56491E1201BF0032CCB2 /* SSKeychain.m in Sources */,
				71F4C5231E11152500472635 /* NSObject+Notification.m in Sources */,
				71F4C5251E11152500472635 /* UIImage+Reflection.m in Sources */,
				71DDAA7F1E76990600A37F09 /* UIView+XNGetController.m in Sources */,
				71F4C5211E11152500472635 /* Foundation+Log.m in Sources */,
				71F4C5261E11152500472635 /* UITextField+Ext.m in Sources */,
			);
			runOnlyForDeploymentPostprocessing = 0;
		};
/* End PBXSourcesBuildPhase section */

/* Begin PBXVariantGroup section */
		7128DCF11E0B654800656DC0 /* Main.storyboard */ = {
			isa = PBXVariantGroup;
			children = (
				7128DCF21E0B654800656DC0 /* Base */,
			);
			name = Main.storyboard;
			sourceTree = "<group>";
		};
		7128DCF61E0B654800656DC0 /* LaunchScreen.storyboard */ = {
			isa = PBXVariantGroup;
			children = (
				7128DCF71E0B654800656DC0 /* Base */,
			);
			name = LaunchScreen.storyboard;
			sourceTree = "<group>";
		};
/* End PBXVariantGroup section */

/* Begin XCBuildConfiguration section */
		7128DCFA1E0B654800656DC0 /* Debug */ = {
			isa = XCBuildConfiguration;
			buildSettings = {
				ALWAYS_SEARCH_USER_PATHS = NO;
				CLANG_ANALYZER_NONNULL = YES;
				CLANG_CXX_LANGUAGE_STANDARD = "gnu++0x";
				CLANG_CXX_LIBRARY = "libc++";
				CLANG_ENABLE_MODULES = YES;
				CLANG_ENABLE_OBJC_ARC = YES;
				CLANG_WARN_BOOL_CONVERSION = YES;
				CLANG_WARN_CONSTANT_CONVERSION = YES;
				CLANG_WARN_DIRECT_OBJC_ISA_USAGE = YES_ERROR;
				CLANG_WARN_DOCUMENTATION_COMMENTS = YES;
				CLANG_WARN_EMPTY_BODY = YES;
				CLANG_WARN_ENUM_CONVERSION = YES;
				CLANG_WARN_INFINITE_RECURSION = YES;
				CLANG_WARN_INT_CONVERSION = YES;
				CLANG_WARN_OBJC_ROOT_CLASS = YES_ERROR;
				CLANG_WARN_SUSPICIOUS_MOVE = YES;
				CLANG_WARN_SUSPICIOUS_MOVES = YES;
				CLANG_WARN_UNREACHABLE_CODE = YES;
				CLANG_WARN__DUPLICATE_METHOD_MATCH = YES;
				"CODE_SIGN_IDENTITY[sdk=iphoneos*]" = "iPhone Developer";
				COPY_PHASE_STRIP = NO;
				DEBUG_INFORMATION_FORMAT = dwarf;
				ENABLE_STRICT_OBJC_MSGSEND = YES;
				ENABLE_TESTABILITY = YES;
				GCC_C_LANGUAGE_STANDARD = gnu99;
				GCC_DYNAMIC_NO_PIC = NO;
				GCC_NO_COMMON_BLOCKS = YES;
				GCC_OPTIMIZATION_LEVEL = 0;
				GCC_PREPROCESSOR_DEFINITIONS = (
					"DEBUG=1",
					"$(inherited)",
				);
				GCC_WARN_64_TO_32_BIT_CONVERSION = YES;
				GCC_WARN_ABOUT_RETURN_TYPE = YES_ERROR;
				GCC_WARN_UNDECLARED_SELECTOR = YES;
				GCC_WARN_UNINITIALIZED_AUTOS = YES_AGGRESSIVE;
				GCC_WARN_UNUSED_FUNCTION = YES;
				GCC_WARN_UNUSED_VARIABLE = YES;
				IPHONEOS_DEPLOYMENT_TARGET = 10.1;
				MTL_ENABLE_DEBUG_INFO = YES;
				ONLY_ACTIVE_ARCH = YES;
				SDKROOT = iphoneos;
			};
			name = Debug;
		};
		7128DCFB1E0B654800656DC0 /* Release */ = {
			isa = XCBuildConfiguration;
			buildSettings = {
				ALWAYS_SEARCH_USER_PATHS = NO;
				CLANG_ANALYZER_NONNULL = YES;
				CLANG_CXX_LANGUAGE_STANDARD = "gnu++0x";
				CLANG_CXX_LIBRARY = "libc++";
				CLANG_ENABLE_MODULES = YES;
				CLANG_ENABLE_OBJC_ARC = YES;
				CLANG_WARN_BOOL_CONVERSION = YES;
				CLANG_WARN_CONSTANT_CONVERSION = YES;
				CLANG_WARN_DIRECT_OBJC_ISA_USAGE = YES_ERROR;
				CLANG_WARN_DOCUMENTATION_COMMENTS = YES;
				CLANG_WARN_EMPTY_BODY = YES;
				CLANG_WARN_ENUM_CONVERSION = YES;
				CLANG_WARN_INFINITE_RECURSION = YES;
				CLANG_WARN_INT_CONVERSION = YES;
				CLANG_WARN_OBJC_ROOT_CLASS = YES_ERROR;
				CLANG_WARN_SUSPICIOUS_MOVE = YES;
				CLANG_WARN_SUSPICIOUS_MOVES = YES;
				CLANG_WARN_UNREACHABLE_CODE = YES;
				CLANG_WARN__DUPLICATE_METHOD_MATCH = YES;
				"CODE_SIGN_IDENTITY[sdk=iphoneos*]" = "iPhone Developer";
				COPY_PHASE_STRIP = NO;
				DEBUG_INFORMATION_FORMAT = "dwarf-with-dsym";
				ENABLE_NS_ASSERTIONS = NO;
				ENABLE_STRICT_OBJC_MSGSEND = YES;
				GCC_C_LANGUAGE_STANDARD = gnu99;
				GCC_NO_COMMON_BLOCKS = YES;
				GCC_WARN_64_TO_32_BIT_CONVERSION = YES;
				GCC_WARN_ABOUT_RETURN_TYPE = YES_ERROR;
				GCC_WARN_UNDECLARED_SELECTOR = YES;
				GCC_WARN_UNINITIALIZED_AUTOS = YES_AGGRESSIVE;
				GCC_WARN_UNUSED_FUNCTION = YES;
				GCC_WARN_UNUSED_VARIABLE = YES;
				IPHONEOS_DEPLOYMENT_TARGET = 10.1;
				MTL_ENABLE_DEBUG_INFO = NO;
				SDKROOT = iphoneos;
				VALIDATE_PRODUCT = YES;
			};
			name = Release;
		};
		7128DCFD1E0B654800656DC0 /* Debug */ = {
			isa = XCBuildConfiguration;
			buildSettings = {
				ASSETCATALOG_COMPILER_APPICON_NAME = AppIcon;
				DEVELOPMENT_TEAM = Y2TKYWJ5ZW;
				INFOPLIST_FILE = XNToolDemo/Info.plist;
				IPHONEOS_DEPLOYMENT_TARGET = 8.0;
				LD_RUNPATH_SEARCH_PATHS = "$(inherited) @executable_path/Frameworks";
				PRODUCT_BUNDLE_IDENTIFIER = com.XNToolDemo;
				PRODUCT_NAME = "$(TARGET_NAME)";
			};
			name = Debug;
		};
		7128DCFE1E0B654800656DC0 /* Release */ = {
			isa = XCBuildConfiguration;
			buildSettings = {
				ASSETCATALOG_COMPILER_APPICON_NAME = AppIcon;
				DEVELOPMENT_TEAM = Y2TKYWJ5ZW;
				INFOPLIST_FILE = XNToolDemo/Info.plist;
				IPHONEOS_DEPLOYMENT_TARGET = 8.0;
				LD_RUNPATH_SEARCH_PATHS = "$(inherited) @executable_path/Frameworks";
				PRODUCT_BUNDLE_IDENTIFIER = com.XNToolDemo;
				PRODUCT_NAME = "$(TARGET_NAME)";
			};
			name = Release;
		};
/* End XCBuildConfiguration section */

/* Begin XCConfigurationList section */
		7128DCE01E0B654700656DC0 /* Build configuration list for PBXProject "XNToolDemo" */ = {
			isa = XCConfigurationList;
			buildConfigurations = (
				7128DCFA1E0B654800656DC0 /* Debug */,
				7128DCFB1E0B654800656DC0 /* Release */,
			);
			defaultConfigurationIsVisible = 0;
			defaultConfigurationName = Release;
		};
		7128DCFC1E0B654800656DC0 /* Build configuration list for PBXNativeTarget "XNToolDemo" */ = {
			isa = XCConfigurationList;
			buildConfigurations = (
				7128DCFD1E0B654800656DC0 /* Debug */,
				7128DCFE1E0B654800656DC0 /* Release */,
			);
			defaultConfigurationIsVisible = 0;
			defaultConfigurationName = Release;
		};
/* End XCConfigurationList section */
	};
	rootObject = 7128DCDD1E0B654700656DC0 /* Project object */;
}
